
Microsoft Visual Studio Solution File, Format Version 12.00
# Visual Studio Version 17
VisualStudioVersion = 17.6.33815.320
MinimumVisualStudioVersion = 10.0.40219.1
Project("{FAE04EC0-301F-11D3-BF4B-00C04F79EFBC}") = "Domain", "Domain\Domain.csproj", "{1025EDFA-A2B7-49B0-840E-8EF17D111EE6}"
EndProject
Project("{FAE04EC0-301F-11D3-BF4B-00C04F79EFBC}") = "Infra.Data", "Infra.Data\Infra.Data.csproj", "{B8186E60-FA1E-48B3-9309-ABFF61F327D4}"
EndProject
Project("{FAE04EC0-301F-11D3-BF4B-00C04F79EFBC}") = "Application", "Application\Application.csproj", "{2C3BD509-4EAE-4ED5-A3DB-51524279FC8A}"
EndProject
Project("{FAE04EC0-301F-11D3-BF4B-00C04F79EFBC}") = "Infra.IoC", "Infra.IoC\Infra.IoC.csproj", "{7FFBF18D-C2D4-4BA6-8870-3D04F86CA06E}"
EndProject
Project("{FAE04EC0-301F-11D3-BF4B-00C04F79EFBC}") = "Api", "Api\Api.csproj", "{AC73C776-E2F1-4604-A7BA-D9D037B00A66}"
EndProject
Global
	GlobalSection(SolutionConfigurationPlatforms) = preSolution
		Debug|Any CPU = Debug|Any CPU
		Release|Any CPU = Release|Any CPU
	EndGlobalSection
	GlobalSection(ProjectConfigurationPlatforms) = postSolution
		{1025EDFA-A2B7-49B0-840E-8EF17D111EE6}.Debug|Any CPU.ActiveCfg = Debug|Any CPU
		{1025EDFA-A2B7-49B0-840E-8EF17D111EE6}.Debug|Any CPU.Build.0 = Debug|Any CPU
		{1025EDFA-A2B7-49B0-840E-8EF17D111EE6}.Release|Any CPU.ActiveCfg = Release|Any CPU
		{1025EDFA-A2B7-49B0-840E-8EF17D111EE6}.Release|Any CPU.Build.0 = Release|Any CPU
		{B8186E60-FA1E-48B3-9309-ABFF61F327D4}.Debug|Any CPU.ActiveCfg = Debug|Any CPU
		{B8186E60-FA1E-48B3-9309-ABFF61F327D4}.Debug|Any CPU.Build.0 = Debug|Any CPU
		{B8186E60-FA1E-48B3-9309-ABFF61F327D4}.Release|Any CPU.ActiveCfg = Release|Any CPU
		{B8186E60-FA1E-48B3-9309-ABFF61F327D4}.Release|Any CPU.Build.0 = Release|Any CPU
		{2C3BD509-4EAE-4ED5-A3DB-51524279FC8A}.Debug|Any CPU.ActiveCfg = Debug|Any CPU
		{2C3BD509-4EAE-4ED5-A3DB-51524279FC8A}.Debug|Any CPU.Build.0 = Debug|Any CPU
		{2C3BD509-4EAE-4ED5-A3DB-51524279FC8A}.Release|Any CPU.ActiveCfg = Release|Any CPU
		{2C3BD509-4EAE-4ED5-A3DB-51524279FC8A}.Release|Any CPU.Build.0 = Release|Any CPU
		{7FFBF18D-C2D4-4BA6-8870-3D04F86CA06E}.Debug|Any CPU.ActiveCfg = Debug|Any CPU
		{7FFBF18D-C2D4-4BA6-8870-3D04F86CA06E}.Debug|Any CPU.Build.0 = Debug|Any CPU
		{7FFBF18D-C2D4-4BA6-8870-3D04F86CA06E}.Release|Any CPU.ActiveCfg = Release|Any CPU
		{7FFBF18D-C2D4-4BA6-8870-3D04F86CA06E}.Release|Any CPU.Build.0 = Release|Any CPU
		{AC73C776-E2F1-4604-A7BA-D9D037B00A66}.Debug|Any CPU.ActiveCfg = Debug|Any CPU
		{AC73C776-E2F1-4604-A7BA-D9D037B00A66}.Debug|Any CPU.Build.0 = Debug|Any CPU
		{AC73C776-E2F1-4604-A7BA-D9D037B00A66}.Release|Any CPU.ActiveCfg = Release|Any CPU
		{AC73C776-E2F1-4604-A7BA-D9D037B00A66}.Release|Any CPU.Build.0 = Release|Any CPU
	EndGlobalSection
	GlobalSection(SolutionProperties) = preSolution
		HideSolutionNode = FALSE
	EndGlobalSection
	GlobalSection(ExtensibilityGlobals) = postSolution
		SolutionGuid = {7D9B719B-7894-4558-8353-3AF4525F656E}
	EndGlobalSection
EndGlobal
